
Microsoft Visual Studio Solution File, Format Version 12.00
# Visual Studio Version 17
VisualStudioVersion = 17.1.32407.343
MinimumVisualStudioVersion = 10.0.40219.1
Project("{8BC9CEB8-8B4A-11D0-8D11-00A0C91BC942}") = "3_Network_1_CLIENT", "3_Network_1_CLIENT.vcxproj", "{B7C250FD-8780-42DC-980C-D48922546D05}"
EndProject
Global
	GlobalSection(SolutionConfigurationPlatforms) = preSolution
		Debug|x64 = Debug|x64
		Debug|x86 = Debug|x86
		Release|x64 = Release|x64
		Release|x86 = Release|x86
	EndGlobalSection
	GlobalSection(ProjectConfigurationPlatforms) = postSolution
		{B7C250FD-8780-42DC-980C-D48922546D05}.Debug|x64.ActiveCfg = Debug|x64
		{B7C250FD-8780-42DC-980C-D48922546D05}.Debug|x64.Build.0 = Debug|x64
		{B7C250FD-8780-42DC-980C-D48922546D05}.Debug|x86.ActiveCfg = Debug|Win32
		{B7C250FD-8780-42DC-980C-D48922546D05}.Debug|x86.Build.0 = Debug|Win32
		{B7C250FD-8780-42DC-980C-D48922546D05}.Release|x64.ActiveCfg = Release|x64
		{B7C250FD-8780-42DC-980C-D48922546D05}.Release|x64.Build.0 = Release|x64
		{B7C250FD-8780-42DC-980C-D48922546D05}.Release|x86.ActiveCfg = Release|Win32
		{B7C250FD-8780-42DC-980C-D48922546D05}.Release|x86.Build.0 = Release|Win32
	EndGlobalSection
	GlobalSection(SolutionProperties) = preSolution
		HideSolutionNode = FALSE
	EndGlobalSection
	GlobalSection(ExtensibilityGlobals) = postSolution
		SolutionGuid = {B9088887-8AAC-4D4B-956F-EBEBF70180EE}
	EndGlobalSection
EndGlobal
