
Microsoft Visual Studio Solution File, Format Version 12.00
# Visual Studio Version 17
VisualStudioVersion = 17.0.32014.148
MinimumVisualStudioVersion = 10.0.40219.1
Project("{8BC9CEB8-8B4A-11D0-8D11-00A0C91BC942}") = "0_CountLaunches_0.5", "0_CountLaunches_0.5.vcxproj", "{532003AB-C6D8-4D60-88DF-3AB98E3A7EEC}"
EndProject
Global
	GlobalSection(SolutionConfigurationPlatforms) = preSolution
		Debug|x64 = Debug|x64
		Debug|x86 = Debug|x86
		Release|x64 = Release|x64
		Release|x86 = Release|x86
	EndGlobalSection
	GlobalSection(ProjectConfigurationPlatforms) = postSolution
		{532003AB-C6D8-4D60-88DF-3AB98E3A7EEC}.Debug|x64.ActiveCfg = Debug|x64
		{532003AB-C6D8-4D60-88DF-3AB98E3A7EEC}.Debug|x64.Build.0 = Debug|x64
		{532003AB-C6D8-4D60-88DF-3AB98E3A7EEC}.Debug|x86.ActiveCfg = Debug|Win32
		{532003AB-C6D8-4D60-88DF-3AB98E3A7EEC}.Debug|x86.Build.0 = Debug|Win32
		{532003AB-C6D8-4D60-88DF-3AB98E3A7EEC}.Release|x64.ActiveCfg = Release|x64
		{532003AB-C6D8-4D60-88DF-3AB98E3A7EEC}.Release|x64.Build.0 = Release|x64
		{532003AB-C6D8-4D60-88DF-3AB98E3A7EEC}.Release|x86.ActiveCfg = Release|Win32
		{532003AB-C6D8-4D60-88DF-3AB98E3A7EEC}.Release|x86.Build.0 = Release|Win32
	EndGlobalSection
	GlobalSection(SolutionProperties) = preSolution
		HideSolutionNode = FALSE
	EndGlobalSection
	GlobalSection(ExtensibilityGlobals) = postSolution
		SolutionGuid = {272D8857-445E-4578-A632-C445C77A2E28}
	EndGlobalSection
EndGlobal
